
Microsoft Visual Studio Solution File, Format Version 12.00
# Visual Studio Version 17
VisualStudioVersion = 17.10.34916.146
MinimumVisualStudioVersion = 10.0.40219.1
Project("{FAE04EC0-301F-11D3-BF4B-00C04F79EFBC}") = "Phi3Onnx", "Phi3Onnx\Phi3Onnx.csproj", "{7A9D73D0-F95B-42AE-8038-72E601249327}"
EndProject
Global
	GlobalSection(SolutionConfigurationPlatforms) = preSolution
		Debug|Any CPU = Debug|Any CPU
		Release|Any CPU = Release|Any CPU
	EndGlobalSection
	GlobalSection(ProjectConfigurationPlatforms) = postSolution
		{7A9D73D0-F95B-42AE-8038-72E601249327}.Debug|Any CPU.ActiveCfg = Debug|Any CPU
		{7A9D73D0-F95B-42AE-8038-72E601249327}.Debug|Any CPU.Build.0 = Debug|Any CPU
		{7A9D73D0-F95B-42AE-8038-72E601249327}.Release|Any CPU.ActiveCfg = Release|Any CPU
		{7A9D73D0-F95B-42AE-8038-72E601249327}.Release|Any CPU.Build.0 = Release|Any CPU
	EndGlobalSection
	GlobalSection(SolutionProperties) = preSolution
		HideSolutionNode = FALSE
	EndGlobalSection
	GlobalSection(ExtensibilityGlobals) = postSolution
		SolutionGuid = {A3019952-9FC6-48E9-A6B2-DD84952E45FC}
	EndGlobalSection
EndGlobal
