
Microsoft Visual Studio Solution File, Format Version 12.00
# Visual Studio Version 17
VisualStudioVersion = 17.10.34916.146
MinimumVisualStudioVersion = 10.0.40219.1
Project("{9A19103F-16F7-4668-BE54-9A1E7A4F7556}") = "Phi3Onnx", "Phi3Onnx\Phi3Onnx.csproj", "{7A9D73D0-F95B-42AE-8038-72E601249327}"
EndProject
Project("{2150E333-8FDC-42A3-9474-1A3956D46DE8}") = "root", "root", "{EDFC6550-30EF-43C7-92EE-C8DD9ACD6840}"
	ProjectSection(SolutionItems) = preProject
		.editorconfig = .editorconfig
		.gitattributes = .gitattributes
		.gitignore = .gitignore
		LICENSE = LICENSE
		README.md = README.md
	EndProjectSection
EndProject
Global
	GlobalSection(SolutionConfigurationPlatforms) = preSolution
		Debug|Any CPU = Debug|Any CPU
		Release|Any CPU = Release|Any CPU
	EndGlobalSection
	GlobalSection(ProjectConfigurationPlatforms) = postSolution
		{7A9D73D0-F95B-42AE-8038-72E601249327}.Debug|Any CPU.ActiveCfg = Debug|Any CPU
		{7A9D73D0-F95B-42AE-8038-72E601249327}.Debug|Any CPU.Build.0 = Debug|Any CPU
		{7A9D73D0-F95B-42AE-8038-72E601249327}.Release|Any CPU.ActiveCfg = Release|Any CPU
		{7A9D73D0-F95B-42AE-8038-72E601249327}.Release|Any CPU.Build.0 = Release|Any CPU
	EndGlobalSection
	GlobalSection(SolutionProperties) = preSolution
		HideSolutionNode = FALSE
	EndGlobalSection
	GlobalSection(ExtensibilityGlobals) = postSolution
		SolutionGuid = {A3019952-9FC6-48E9-A6B2-DD84952E45FC}
	EndGlobalSection
EndGlobal
